version: 7
platforms:
- name: osx-arm64
  virtual-packages:
  - __unix=0=0
  - __osx=13.0
  - __archspec=0=m1
environments:
  default:
    channels:
    - url: https://conda.anaconda.org/conda-forge/
    packages:
      osx-arm64:
      - conda: https://conda.anaconda.org/conda-forge/noarch/ca-certificates-2026.7.22-hbd8a1cb_0.conda
      - conda: https://conda.anaconda.org/conda-forge/noarch/python_abi-3.14-9_cp314.conda
      - conda: https://conda.anaconda.org/conda-forge/noarch/tzdata-2026c-h151e31d_0.conda
      - conda: https://conda.anaconda.org/conda-forge/osx-arm64/_openmp_mutex-4.5-8_kmp_llvm.conda
      - conda: https://conda.anaconda.org/conda-forge/osx-arm64/bzip2-1.0.8-h4e30115_10.conda
      - conda: https://conda.anaconda.org/conda-forge/osx-arm64/libblas-3.11.0-11_h51639a9_openblas.conda
      - conda: https://conda.anaconda.org/conda-forge/osx-arm64/libcblas-3.11.0-11_hb0561ab_openblas.conda
      - conda: https://conda.anaconda.org/conda-forge/osx-arm64/libcxx-23.1.2-h55c6f16_0.conda
      - conda: https://conda.anaconda.org/conda-forge/osx-arm64/libexpat-2.8.5-h6111c0a_0.conda
      - conda: https://conda.anaconda.org/conda-forge/osx-arm64/libffi-3.7.0-h47dc5ef_1.conda
      - conda: https://conda.anaconda.org/conda-forge/osx-arm64/libgcc-16.2.0-h3cf6597_7.conda
      - conda: https://conda.anaconda.org/conda-forge/osx-arm64/libgfortran-16.2.0-h07b0088_7.conda
      - conda: https://conda.anaconda.org/conda-forge/osx-arm64/libgfortran5-16.2.0-hdb7a957_7.conda
      - conda: https://conda.anaconda.org/conda-forge/osx-arm64/liblapack-3.11.0-11_hd9741b5_openblas.conda
      - conda: https://conda.anaconda.org/conda-forge/osx-arm64/liblzma-5.8.3-h8088a28_1.conda
      - conda: https://conda.anaconda.org/conda-forge/osx-arm64/libmpdec-4.0.0-h84a0fba_2.conda
      - conda: https://conda.anaconda.org/conda-forge/osx-arm64/libopenblas-0.3.34-openmp_h5e6e99c_1.conda
      - conda: https://conda.anaconda.org/conda-forge/osx-arm64/libpython-3.14.7-h4311e70_106_cp314.conda
      - conda: https://conda.anaconda.org/conda-forge/osx-arm64/libsqlite-3.53.4-h34a968b_102.conda
      - conda: https://conda.anaconda.org/conda-forge/osx-arm64/libzlib-1.3.2-h8088a28_3.conda
      - conda: https://conda.anaconda.org/conda-forge/osx-arm64/llvm-openmp-23.1.2-hdb3d66b_0.conda
      - conda: https://conda.anaconda.org/conda-forge/osx-arm64/ncurses-6.6-he64c551_1.conda
      - conda: https://conda.anaconda.org/conda-forge/osx-arm64/numpy-2.5.3-py314he06036b_0.conda
      - conda: https://conda.anaconda.org/conda-forge/osx-arm64/openssl-3.5.9-h55eecbc_0.conda
      - conda: https://conda.anaconda.org/conda-forge/osx-arm64/python-3.14.7-h0ae1c2c_106_cp314.conda
      - conda: https://conda.anaconda.org/conda-forge/osx-arm64/readline-8.3-h8b90a29_1.conda
      - conda: https://conda.anaconda.org/conda-forge/osx-arm64/tk-8.6.13-hbeba79b_4.conda
      - conda: https://conda.anaconda.org/conda-forge/osx-arm64/zstd-1.5.7-hf451053_7.conda
packages:
- conda: https://conda.anaconda.org/conda-forge/noarch/ca-certificates-2026.7.22-hbd8a1cb_0.conda
  sha256: 0a0544cf95f64394fe4959286f5c71f5444ad58feb0602e53becb27448d24da6
  md5: 0f51e2391ade309db462a55611263e9c
  depends:
  - __unix
  license: ISC
  run_exports: {}
  size: 131780
  timestamp: 1784754889428
- conda: https://conda.anaconda.org/conda-forge/noarch/python_abi-3.14-9_cp314.conda
  build_number: 9
  sha256: e7f8e965bbfb98e08feb2365cacdad8bb218fa5b5a0a2752f747287f425f213c
  md5: 350d89b50d7de805abf2e63e29dee451
  constrains:
  - python 3.14.* *_cp314
  license: BSD-3-Clause
  license_family: BSD
  run_exports: {}
  size: 6791
  timestamp: 1788302824440
- conda: https://conda.anaconda.org/conda-forge/noarch/tzdata-2026c-h151e31d_0.conda
  sha256: b928c30ddcb0e3f544c6eade8352737e6e610e263276b90232db6a578ef899d8
  md5: fcb489df604d100968b737f2cb6076c6
  license: LicenseRef-Public-Domain
  run_exports: {}
  size: 118849
  timestamp: 1784250406640
- conda: https://conda.anaconda.org/conda-forge/osx-arm64/_openmp_mutex-4.5-8_kmp_llvm.conda
  build_number: 8
  sha256: c7c98ce74f6a7ff25aaa4706d06fa41d63a333add4d697b73aa4d8d2d7ad7651
  md5: a2d706b4a7d603524133037c34f7fb76
  depends:
  - llvm-openmp >=9.0.1
  license: BSD-3-Clause
  license_family: BSD
  run_exports:
    weak:
    - _openmp_mutex >=4.5
  size: 8016
  timestamp: 1788046437162
- conda: https://conda.anaconda.org/conda-forge/osx-arm64/bzip2-1.0.8-h4e30115_10.conda
  sha256: 8ec22f0ba25cbfc2e64d70cf29459eccd7ffdf6436f6a6ff15bbfef799f7d4f6
  md5: b50612e7d190b8061ab4e7dc119cf4d5
  depends:
  - __osx >=11.0
  license: bzip2-1.0.6
  license_family: BSD
  run_exports:
    weak:
    - bzip2 >=1.0.8,<2.0a0
  size: 124965
  timestamp: 1785906749812
- conda: https://conda.anaconda.org/conda-forge/osx-arm64/libblas-3.11.0-11_h51639a9_openblas.conda
  build_number: 11
  sha256: 718c3e1a16ad946caeeba041520dc18b7af461226bd8c28faef78b181920dbb4
  md5: 364639b771dbb4ede335d965f55a23ac
  depends:
  - libopenblas >=0.3.34,<0.3.35.0a0
  - libopenblas >=0.3.34,<1.0a0
  constrains:
  - blas 2.311   openblas
  - libcblas   3.11.0   11*_openblas
  - liblapack  3.11.0   11*_openblas
  - liblapacke 3.11.0   11*_openblas
  - mkl <2027
  license: BSD-3-Clause
  license_family: BSD
  run_exports:
    weak:
    - libblas >=3.11.0,<4.0a0
  size: 18300
  timestamp: 1789061064192
- conda: https://conda.anaconda.org/conda-forge/osx-arm64/libcblas-3.11.0-11_hb0561ab_openblas.conda
  build_number: 11
  sha256: 3cebd672d8bd7c776a381422ea3fc48131343aeda2879974734715ac6a05c292
  md5: 73bde7d713e790b3168707e02102e87b
  depends:
  - libblas 3.11.0 11_h51639a9_openblas
  constrains:
  - blas 2.311   openblas
  - liblapack  3.11.0   11*_openblas
  - liblapacke 3.11.0   11*_openblas
  license: BSD-3-Clause
  license_family: BSD
  run_exports:
    weak:
    - libcblas >=3.11.0,<4.0a0
  size: 18324
  timestamp: 1789061068736
- conda: https://conda.anaconda.org/conda-forge/osx-arm64/libcxx-23.1.2-h55c6f16_0.conda
  sha256: 087a610bacee7901d259ef72c6f060d795ab26831bd7541ba75ced786a5a63f9
  md5: 01af3f03d850cbab9ae9b86d726a9921
  depends:
  - __osx >=11.0
  license: Apache-2.0 WITH LLVM-exception
  license_family: Apache
  run_exports: {}
  size: 579372
  timestamp: 1790163402114
- conda: https://conda.anaconda.org/conda-forge/osx-arm64/libexpat-2.8.5-h6111c0a_0.conda
  sha256: 50aa761b83fc7a116ca88fe0cb4cefce5abababb10a926bf8afbafd5c298d102
  md5: 5383c550b785bdaafcc4eaf638071a7c
  depends:
  - __osx >=11.0
  constrains:
  - expat 2.8.5.*
  license: MIT
  license_family: MIT
  run_exports: {}
  size: 69565
  timestamp: 1790370026495
- conda: https://conda.anaconda.org/conda-forge/osx-arm64/libffi-3.7.0-h47dc5ef_1.conda
  sha256: 2783389a7b9dda04c62cc54c6bbeb03dd3cef24b3fc642715d02a3fa19464a9a
  md5: 216bbcc23c11e9695b3db4a8771d76eb
  depends:
  - __osx >=11.0
  license: MIT
  license_family: MIT
  run_exports:
    weak:
    - libffi >=3.7.0,<3.8.0a0
  size: 43637
  timestamp: 1787753403688
- conda: https://conda.anaconda.org/conda-forge/osx-arm64/libgcc-16.2.0-h3cf6597_7.conda
  sha256: deacf62bd6cbbe05eb085dd69a2ca120053597c37066d53c8f7cf6815f26e9eb
  md5: f100c8baeb0c816052b0d43948555bf6
  depends:
  - _openmp_mutex
  constrains:
  - libgcc-ng ==16.2.0=*_7
  - libgomp 16.2.0 7
  license: GPL-3.0-only WITH GCC-exception-3.1
  license_family: GPL
  run_exports: {}
  size: 365973
  timestamp: 1790301995634
- conda: https://conda.anaconda.org/conda-forge/osx-arm64/libgfortran-16.2.0-h07b0088_7.conda
  sha256: a5b4b63d0ef4c7c59c37225b9f0307b5cd2a3a8499b2a40b6ddd2b9f072712a8
  md5: 2efa9518e126c501a7c7d638b2fa3a21
  depends:
  - libgfortran5 16.2.0 hdb7a957_7
  constrains:
  - libgfortran-ng ==16.2.0=*_7
  license: GPL-3.0-only WITH GCC-exception-3.1
  license_family: GPL
  run_exports: {}
  size: 99745
  timestamp: 1790302083840
- conda: https://conda.anaconda.org/conda-forge/osx-arm64/libgfortran5-16.2.0-hdb7a957_7.conda
  sha256: 19297e5cf39de976cdd1a46499a4e15fdf54d249d3231f3b2a9d43af3be0bc66
  md5: c9d80dd8775b8fe76e825d63d8ccaf1b
  depends:
  - libgcc >=16.2.0
  constrains:
  - libgfortran 16.2.0
  license: GPL-3.0-only WITH GCC-exception-3.1
  license_family: GPL
  run_exports: {}
  size: 554793
  timestamp: 1790302001166
- conda: https://conda.anaconda.org/conda-forge/osx-arm64/liblapack-3.11.0-11_hd9741b5_openblas.conda
  build_number: 11
  sha256: e7697df761eeb243272801a8c883dc1de6018a7f738746b443ef1396f0a78075
  md5: d67ef1462e77d20cd3e0d27c876c3c9a
  depends:
  - libblas 3.11.0 11_h51639a9_openblas
  constrains:
  - blas 2.311   openblas
  - libcblas   3.11.0   11*_openblas
  - liblapacke 3.11.0   11*_openblas
  license: BSD-3-Clause
  license_family: BSD
  run_exports:
    weak:
    - liblapack >=3.11.0,<3.12.0a0
  size: 18284
  timestamp: 1789061072707
- conda: https://conda.anaconda.org/conda-forge/osx-arm64/liblzma-5.8.3-h8088a28_1.conda
  sha256: 23d0630046a3e8b164d8f80f2b74ed2605af2e7050ab9913018056402fae4311
  md5: 8ab10323068b107661a4b9a4af84f3b5
  depends:
  - __osx >=11.0
  constrains:
  - xz 5.8.3.*
  license: 0BSD
  run_exports:
    weak:
    - liblzma >=5.8.3,<6.0a0
  size: 91720
  timestamp: 1786348695846
- conda: https://conda.anaconda.org/conda-forge/osx-arm64/libmpdec-4.0.0-h84a0fba_2.conda
  sha256: 04cc136c5a956a73aa14e0a160b5822b0b29714e67b299fa1b1fd16dbcba5366
  md5: ff33a4dbd93abc8a798cc4e0e7c8136d
  depends:
  - __osx >=11.0
  license: BSD-2-Clause
  license_family: BSD
  run_exports: {}
  size: 73289
  timestamp: 1786651074391
- conda: https://conda.anaconda.org/conda-forge/osx-arm64/libopenblas-0.3.34-openmp_h5e6e99c_1.conda
  sha256: 18f167fdaa26f67a123c59766f4730b41866d2c0920b5c29d74a93d3a2e92a96
  md5: 9c874eb9d4441a658ef3acf6ac56dc3e
  depends:
  - __osx >=11.0
  - libgcc >=15
  - libgfortran
  - libgfortran5 >=15.3.0
  - llvm-openmp >=21.1.8
  constrains:
  - openblas >=0.3.34,<0.3.35.0a0
  license: BSD-3-Clause
  license_family: BSD
  run_exports:
    weak:
    - libopenblas >=0.3.34,<1.0a0
  size: 4249236
  timestamp: 1789023664380
- conda: https://conda.anaconda.org/conda-forge/osx-arm64/libpython-3.14.7-h4311e70_106_cp314.conda
  build_number: 106
  sha256: b239028180e1ba2f7daff4053c89e41f7c0f1a3c21bb82f6dcb09384d123ec1f
  md5: 4d7a303343eff82e8b92d52c5fd3991a
  depends:
  - __osx >=11.0
  - libcxx >=20
  license: Python-2.0
  run_exports: {}
  size: 1875368
  timestamp: 1788383432953
- conda: https://conda.anaconda.org/conda-forge/osx-arm64/libsqlite-3.53.4-h34a968b_102.conda
  sha256: 0343b4f1c1a9f2feb0496bf159d13c5dd894ca750b9016f1282df5a4b82bd80e
  md5: 46a1017240580d5c504a40293b2d41c1
  depends:
  - __osx >=11.0
  - libzlib >=1.3.2,<2.0a0
  license: blessing
  run_exports:
    weak:
    - libsqlite >=3.53.4,<4.0a0
  size: 939016
  timestamp: 1791167241399
- conda: https://conda.anaconda.org/conda-forge/osx-arm64/libzlib-1.3.2-h8088a28_3.conda
  sha256: a18fa5d5bac452401459f966cf0d872224e8080c4ff93c77e168d43ab42ef9d7
  md5: f39288f0ea63ae962e1a2e4f355a0d75
  depends:
  - __osx >=11.0
  constrains:
  - zlib 1.3.2 *_3
  license: Zlib
  license_family: Other
  run_exports:
    weak:
    - libzlib >=1.3.2,<2.0a0
  size: 47822
  timestamp: 1785277049190
- conda: https://conda.anaconda.org/conda-forge/osx-arm64/llvm-openmp-23.1.2-hdb3d66b_0.conda
  sha256: f9aea67117079c00b9663ee0bbca7e5409dbe94625c34e68881ce2c97c3d47c9
  md5: 97fa48b6e1d996689e6d3f822a41f1bf
  depends:
  - __osx >=11.0
  constrains:
  - intel-openmp <0.0a0
  - openmp 23.1.2|23.1.2.*
  license: Apache-2.0 WITH LLVM-exception
  license_family: APACHE
  run_exports:
    strong:
    - llvm-openmp >=23.1.2
  size: 287714
  timestamp: 1790195505384
- conda: https://conda.anaconda.org/conda-forge/osx-arm64/ncurses-6.6-he64c551_1.conda
  sha256: 7024a48c8c0d0114ed4ab53c76bf9275d50e91ba7cea367a9aead638d3c29c68
  md5: 3dfa0d0316dc246cd44937a557de4501
  depends:
  - __osx >=11.0
  license: X11 AND BSD-3-Clause
  run_exports:
    weak:
    - ncurses >=6.6,<7.0a0
  size: 804298
  timestamp: 1786355189145
- conda: https://conda.anaconda.org/conda-forge/osx-arm64/numpy-2.5.3-py314he06036b_0.conda
  sha256: 693fa3d8d4303c35250025409d1cbc6d0d6270fd3778303dfe9ea89e29003871
  md5: 37bb35c87a060e9ab1551c5bd987074f
  depends:
  - python
  - __osx >=11.0
  - libcxx >=21
  - libblas >=3.9.0,<4.0a0
  - liblapack >=3.9.0,<4.0a0
  - libcblas >=3.9.0,<4.0a0
  - python_abi 3.14.* *_cp314
  constrains:
  - numpy-base <0a0
  license: BSD-3-Clause
  license_family: BSD
  run_exports:
    weak:
    - numpy >=1.25,<3
  size: 7273776
  timestamp: 1788732001328
- conda: https://conda.anaconda.org/conda-forge/osx-arm64/openssl-3.5.9-h55eecbc_0.conda
  sha256: a26829f8d4ed2631216a8543ef7704d2cff90ce43e381015530ab21cf762b681
  md5: 4edb75912889797d746eb44cb92012a8
  depends:
  - __osx >=11.0
  - ca-certificates
  license: Apache-2.0
  license_family: Apache
  run_exports:
    weak:
    - openssl >=3.5.9,<4.0a0
  size: 3068841
  timestamp: 1791098726640
- conda: https://conda.anaconda.org/conda-forge/osx-arm64/python-3.14.7-h0ae1c2c_106_cp314.conda
  build_number: 106
  sha256: 5ffc8349ca089ec5ac39ad36a095323ad177ebe05cbfc690c1e135560cfd68b7
  md5: 5fd37c78250b4f57c2bcf9ad2e54beb1
  depends:
  - __osx >=11.0
  - bzip2 >=1.0.8,<2.0a0
  - libexpat >=2.8.1,<3.0a0
  - libffi >=3.7.0,<3.8.0a0
  - liblzma >=5.8.3,<6.0a0
  - libmpdec >=4.0.0,<5.0a0
  - libpython 3.14.7 h4311e70_106_cp314
  - libsqlite >=3.53.4,<4.0a0
  - libzlib >=1.3.2,<2.0a0
  - ncurses >=6.6,<7.0a0
  - openssl >=3.5.8,<4.0a0
  - python_abi 3.14.* *_cp314
  - readline >=8.3,<9.0a0
  - tk >=8.6.13,<8.7.0a0
  - tzdata
  - zstd >=1.5.7,<1.6.0a0
  license: Python-2.0
  run_exports:
    weak:
    - python_abi 3.14.* *_cp314
    noarch:
    - python
  size: 12223441
  timestamp: 1788383470498
  python_site_packages_path: lib/python3.14/site-packages
- conda: https://conda.anaconda.org/conda-forge/osx-arm64/readline-8.3-h8b90a29_1.conda
  sha256: d6782b430e6dce4fe8c7ac118cd988d5a193eb4a7f60741edfaede58016b6110
  md5: 9347fd56a002e6b58946831d48fe62f6
  depends:
  - __osx >=11.0
  - ncurses >=6.6,<7.0a0
  license: GPL-3.0-only
  license_family: GPL
  run_exports:
    weak:
    - readline >=8.3,<9.0a0
  size: 314395
  timestamp: 1787033878899
- conda: https://conda.anaconda.org/conda-forge/osx-arm64/tk-8.6.13-hbeba79b_4.conda
  sha256: 857d89087ae7f2c328cf256728affcb7343031a148b4af847334d248a9cf564c
  md5: 90a01bf394d1c594e0eb9258f967d828
  depends:
  - __osx >=11.0
  - libzlib >=1.3.2,<2.0a0
  license: TCL
  run_exports:
    weak:
    - tk >=8.6.13,<8.7.0a0
  size: 3342183
  timestamp: 1787272852357
- conda: https://conda.anaconda.org/conda-forge/osx-arm64/zstd-1.5.7-hf451053_7.conda
  sha256: da867f5092eb0cb746d353694f0098031fd9817a4ce7d5743121209ae0f406ca
  md5: 4ec2684c73812cc2c3d78379384a39cc
  depends:
  - __osx >=11.0
  - libzlib >=1.3.2,<2.0a0
  license: BSD-3-Clause
  license_family: BSD
  run_exports:
    weak:
    - zstd >=1.5.7,<1.6.0a0
  size: 433687
  timestamp: 1786599629846
